{
  "name": "@gershy/util-http-oauth",
  "version": "0.0.23",
  "lockfileVersion": 3,
  "requires": true,
  "packages": {
    "": {
      "name": "@gershy/util-http-oauth",
      "version": "0.0.23",
      "license": "ISC",
      "devDependencies": {
        "@gershy/util-http": "^0.0.23",
        "@gershy/util-retry": "^0.0.26",
        "@types/node": "^24.10.1"
      },
      "peerDependencies": {
        "@gershy/clearing": "^0.0.54"
      }
    },
    "node_modules/@gershy/clearing": {
      "version": "0.0.54",
      "resolved": "https://registry.npmjs.org/@gershy/clearing/-/clearing-0.0.54.tgz",
      "integrity": "sha512-a32MhLKfJ9ZCpSr3NAt01vK8OVx8Y0rAyzbp1GkN3uE2noLcMoyV2z3wrm7aG5b9ZUCBodTmsK6r16eNHKEdbA==",
      "license": "ISC",
      "peer": true
    },
    "node_modules/@gershy/util-http": {
      "version": "0.0.23",
      "resolved": "https://registry.npmjs.org/@gershy/util-http/-/util-http-0.0.23.tgz",
      "integrity": "sha512-SENoZ+fazDCGcdWnCBDUdhXVi/Jzl8410vv8wfSJ9dMqRaUlXfL9Oqi6VhwA9zRsVRt6gDMqbbOSunLIrfTZYA==",
      "dev": true,
      "license": "ISC",
      "peerDependencies": {
        "@gershy/clearing": "^0.0.54"
      }
    },
    "node_modules/@gershy/util-retry": {
      "version": "0.0.26",
      "resolved": "https://registry.npmjs.org/@gershy/util-retry/-/util-retry-0.0.26.tgz",
      "integrity": "sha512-H8j4pOoSrlQ80WBQhTI4680gKTxIV+aaJgHOARDtHbdiNbD/KVQEN9CzquNGYRJpI+wfp0Z2jFYD59f7Ypr4Rw==",
      "dev": true,
      "license": "ISC",
      "peerDependencies": {
        "@gershy/clearing": "^0.0.54"
      }
    },
    "node_modules/@types/node": {
      "version": "24.13.3",
      "resolved": "https://registry.npmjs.org/@types/node/-/node-24.13.3.tgz",
      "integrity": "sha512-Dh8vAsV36ig5wa9OX4pXvMc9D3Veibfw2wix0CUwYODLD8nkj9UsLjASr49nPg+2eKzxhBV+v7L8pXvT4e639Q==",
      "dev": true,
      "dependencies": {
        "undici-types": "~7.18.0"
      }
    },
    "node_modules/undici-types": {
      "version": "7.18.2",
      "resolved": "https://registry.npmjs.org/undici-types/-/undici-types-7.18.2.tgz",
      "integrity": "sha512-AsuCzffGHJybSaRrmr5eHr81mwJU3kjw6M+uprWvCXiNeN9SOGwQ3Jn8jb8m3Z6izVgknn1R0FTCEAP2QrLY/w==",
      "dev": true
    }
  }
}
