{
  "name": "@gershy/util-http-oauth",
  "version": "0.0.17",
  "lockfileVersion": 3,
  "requires": true,
  "packages": {
    "": {
      "name": "@gershy/util-http-oauth",
      "version": "0.0.17",
      "license": "ISC",
      "devDependencies": {
        "@gershy/util-http": "^0.0.17",
        "@gershy/util-retry": "^0.0.20",
        "@types/node": "^24.10.1"
      },
      "peerDependencies": {
        "@gershy/clearing": "^0.0.49"
      }
    },
    "node_modules/@gershy/clearing": {
      "version": "0.0.49",
      "resolved": "https://registry.npmjs.org/@gershy/clearing/-/clearing-0.0.49.tgz",
      "integrity": "sha512-4CViY/OxX75vm/Arqdk+KYsxyalMEbkH1bld2miXzxpbJLUCg8HIbauTge8BQdrq3vLVoQoXr2vyrADdLwXeaw==",
      "peer": true
    },
    "node_modules/@gershy/util-http": {
      "version": "0.0.17",
      "resolved": "https://registry.npmjs.org/@gershy/util-http/-/util-http-0.0.17.tgz",
      "integrity": "sha512-uK5M1nAH+UavPan1tCXbxPf0qsAUzmzEgkrdp48dOIbXZU6ATf7y6qNZOTUiPt2yJLsR6/YMClXb2HosoWdPLg==",
      "dev": true,
      "peerDependencies": {
        "@gershy/clearing": "^0.0.49"
      }
    },
    "node_modules/@gershy/util-retry": {
      "version": "0.0.20",
      "resolved": "https://registry.npmjs.org/@gershy/util-retry/-/util-retry-0.0.20.tgz",
      "integrity": "sha512-F5NUHtJQeFdAIrRAiEWCx0fRWsFzkHX8ansqD3aw82hyR71HPtkPnmNIwqtfca2RVRhOVRaAYGiwST9Dpx65Bw==",
      "dev": true,
      "peerDependencies": {
        "@gershy/clearing": "^0.0.49"
      }
    },
    "node_modules/@types/node": {
      "version": "24.13.3",
      "resolved": "https://registry.npmjs.org/@types/node/-/node-24.13.3.tgz",
      "integrity": "sha512-Dh8vAsV36ig5wa9OX4pXvMc9D3Veibfw2wix0CUwYODLD8nkj9UsLjASr49nPg+2eKzxhBV+v7L8pXvT4e639Q==",
      "dev": true,
      "dependencies": {
        "undici-types": "~7.18.0"
      }
    },
    "node_modules/undici-types": {
      "version": "7.18.2",
      "resolved": "https://registry.npmjs.org/undici-types/-/undici-types-7.18.2.tgz",
      "integrity": "sha512-AsuCzffGHJybSaRrmr5eHr81mwJU3kjw6M+uprWvCXiNeN9SOGwQ3Jn8jb8m3Z6izVgknn1R0FTCEAP2QrLY/w==",
      "dev": true
    }
  }
}
