{
  "name": "@gershy/util-http-oauth",
  "version": "0.0.20",
  "lockfileVersion": 3,
  "requires": true,
  "packages": {
    "": {
      "name": "@gershy/util-http-oauth",
      "version": "0.0.20",
      "license": "ISC",
      "devDependencies": {
        "@gershy/util-http": "^0.0.20",
        "@gershy/util-retry": "^0.0.23",
        "@types/node": "^24.10.1"
      },
      "peerDependencies": {
        "@gershy/clearing": "^0.0.52"
      }
    },
    "node_modules/@gershy/clearing": {
      "version": "0.0.52",
      "resolved": "https://registry.npmjs.org/@gershy/clearing/-/clearing-0.0.52.tgz",
      "integrity": "sha512-DU4sKtIQZGorfkbdvQ1Lr+cX8gYdA5LeaJoNINKbrVwCQUWjcxCzZoKEM/HZXddasC3r18QGVC6q/rfbKpYy5g==",
      "license": "ISC",
      "peer": true
    },
    "node_modules/@gershy/util-http": {
      "version": "0.0.20",
      "resolved": "https://registry.npmjs.org/@gershy/util-http/-/util-http-0.0.20.tgz",
      "integrity": "sha512-KdKs5VhxpBxjHzJQmX0bxLnY3uDCNFfUTZIZzdhkcjs6thviuT271HqE3LgTZXp37j2e48IfbTByc3FTGWJW0A==",
      "dev": true,
      "license": "ISC",
      "peerDependencies": {
        "@gershy/clearing": "^0.0.52"
      }
    },
    "node_modules/@gershy/util-retry": {
      "version": "0.0.23",
      "resolved": "https://registry.npmjs.org/@gershy/util-retry/-/util-retry-0.0.23.tgz",
      "integrity": "sha512-aMKk8/InZSaL037fa/gtTkHZvDqN/86qPBOXawmrvbWLfQLS8IKLLt9kgOeo0eVqUssd5lI2eWCVk6kVUjOTsg==",
      "dev": true,
      "license": "ISC",
      "peerDependencies": {
        "@gershy/clearing": "^0.0.52"
      }
    },
    "node_modules/@types/node": {
      "version": "24.13.3",
      "resolved": "https://registry.npmjs.org/@types/node/-/node-24.13.3.tgz",
      "integrity": "sha512-Dh8vAsV36ig5wa9OX4pXvMc9D3Veibfw2wix0CUwYODLD8nkj9UsLjASr49nPg+2eKzxhBV+v7L8pXvT4e639Q==",
      "dev": true,
      "dependencies": {
        "undici-types": "~7.18.0"
      }
    },
    "node_modules/undici-types": {
      "version": "7.18.2",
      "resolved": "https://registry.npmjs.org/undici-types/-/undici-types-7.18.2.tgz",
      "integrity": "sha512-AsuCzffGHJybSaRrmr5eHr81mwJU3kjw6M+uprWvCXiNeN9SOGwQ3Jn8jb8m3Z6izVgknn1R0FTCEAP2QrLY/w==",
      "dev": true
    }
  }
}
